
Microsoft Visual Studio Solution File, Format Version 12.00
# Visual Studio Version 16
VisualStudioVersion = 16.0.31515.178
MinimumVisualStudioVersion = 10.0.40219.1
Project("{FAE04EC0-301F-11D3-BF4B-00C04F79EFBC}") = "Top-down-shooter", "Top-down-shooter\Top-down-shooter.csproj", "{BFD308DC-30B0-452B-BCCF-0AF7961BD821}"
EndProject
Global
	GlobalSection(SolutionConfigurationPlatforms) = preSolution
		Debug|Any CPU = Debug|Any CPU
		Release|Any CPU = Release|Any CPU
	EndGlobalSection
	GlobalSection(ProjectConfigurationPlatforms) = postSolution
		{BFD308DC-30B0-452B-BCCF-0AF7961BD821}.Debug|Any CPU.ActiveCfg = Debug|Any CPU
		{BFD308DC-30B0-452B-BCCF-0AF7961BD821}.Debug|Any CPU.Build.0 = Debug|Any CPU
		{BFD308DC-30B0-452B-BCCF-0AF7961BD821}.Release|Any CPU.ActiveCfg = Release|Any CPU
		{BFD308DC-30B0-452B-BCCF-0AF7961BD821}.Release|Any CPU.Build.0 = Release|Any CPU
	EndGlobalSection
	GlobalSection(SolutionProperties) = preSolution
		HideSolutionNode = FALSE
	EndGlobalSection
	GlobalSection(ExtensibilityGlobals) = postSolution
		SolutionGuid = {CCEEDA45-6FC3-4D2B-9942-634442A1055A}
	EndGlobalSection
EndGlobal
